// !$*UTF8*$!
{
	archiveVersion = 1;
	classes = {
	};
	objectVersion = 50;
	objects = {

/* Begin PBXBuildFile section */
		198366FF2166C66A002C3B55 /* testLogin.swift in Sources */ = {isa = PBXBuildFile; fileRef = 198366FE2166C66A002C3B55 /* testLogin.swift */; };
		19A66B67214EF86400F087F9 /* GoogleService-Info.plist in Resources */ = {isa = PBXBuildFile; fileRef = 19A66B66214EF86400F087F9 /* GoogleService-Info.plist */; };
		566191B23932BD1C7D364A3B /* Pods_PantryUITests.framework in Frameworks */ = {isa = PBXBuildFile; fileRef = 6EBBF268E4060135D5F142BB /* Pods_PantryUITests.framework */; };
		7190445F3C93CAD088BED387 /* Pods_PantryTests.framework in Frameworks */ = {isa = PBXBuildFile; fileRef = 7081036F3E1A3AA6829B9DC7 /* Pods_PantryTests.framework */; };
		7C6A67CC2166D89A00DFBBAC /* TabViewController.swift in Sources */ = {isa = PBXBuildFile; fileRef = 7C6A67CB2166D89A00DFBBAC /* TabViewController.swift */; };
		7C9922F921652A3500870D84 /* RemachineScript_Personal_Use.ttf in Resources */ = {isa = PBXBuildFile; fileRef = 7C9922F82165286E00870D84 /* RemachineScript_Personal_Use.ttf */; };
		83DD62182130D70C00C92CBE /* AppDelegate.swift in Sources */ = {isa = PBXBuildFile; fileRef = 83DD62172130D70C00C92CBE /* AppDelegate.swift */; };
		83DD621D2130D70C00C92CBE /* Main.storyboard in Resources */ = {isa = PBXBuildFile; fileRef = 83DD621B2130D70C00C92CBE /* Main.storyboard */; };
		83DD621F2130D70E00C92CBE /* Assets.xcassets in Resources */ = {isa = PBXBuildFile; fileRef = 83DD621E2130D70E00C92CBE /* Assets.xcassets */; };
		83DD62222130D70E00C92CBE /* LaunchScreen.storyboard in Resources */ = {isa = PBXBuildFile; fileRef = 83DD62202130D70E00C92CBE /* LaunchScreen.storyboard */; };
		83DD622D2130D70E00C92CBE /* PantryTests.swift in Sources */ = {isa = PBXBuildFile; fileRef = 83DD622C2130D70E00C92CBE /* PantryTests.swift */; };
		83DD62382130D70E00C92CBE /* PantryUITests.swift in Sources */ = {isa = PBXBuildFile; fileRef = 83DD62372130D70E00C92CBE /* PantryUITests.swift */; };
		8B5D9ED29ECE045CDA7DCA31 /* Pods_Pantry.framework in Frameworks */ = {isa = PBXBuildFile; fileRef = EE4243FB0A5C7EA759FF3C72 /* Pods_Pantry.framework */; };
		A513FE322164388600FE20C0 /* Pantry.storyboard in Resources */ = {isa = PBXBuildFile; fileRef = A513FE312164388600FE20C0 /* Pantry.storyboard */; };
		A513FE34216439F300FE20C0 /* PantryViewController.swift in Sources */ = {isa = PBXBuildFile; fileRef = A513FE33216439F300FE20C0 /* PantryViewController.swift */; };
		A513FE3721643FDF00FE20C0 /* CustomRecipesViewController.swift in Sources */ = {isa = PBXBuildFile; fileRef = A513FE3621643FDF00FE20C0 /* CustomRecipesViewController.swift */; };
		A513FE392164400100FE20C0 /* RecipeControllerViewController.swift in Sources */ = {isa = PBXBuildFile; fileRef = A513FE382164400100FE20C0 /* RecipeControllerViewController.swift */; };
		A513FE3D2164555600FE20C0 /* CustomRecipeCell.swift in Sources */ = {isa = PBXBuildFile; fileRef = A513FE3C2164555600FE20C0 /* CustomRecipeCell.swift */; };
		A513FE3F216471D400FE20C0 /* SavedRecipesController.swift in Sources */ = {isa = PBXBuildFile; fileRef = A513FE3E216471D400FE20C0 /* SavedRecipesController.swift */; };
		A513FE412164771000FE20C0 /* CreateRecipeController.swift in Sources */ = {isa = PBXBuildFile; fileRef = A513FE402164771000FE20C0 /* CreateRecipeController.swift */; };
		A513FE4321647F3700FE20C0 /* RecipeDetailsController.swift in Sources */ = {isa = PBXBuildFile; fileRef = A513FE4221647F3700FE20C0 /* RecipeDetailsController.swift */; };
		A513FE452164848500FE20C0 /* WebViewController.swift in Sources */ = {isa = PBXBuildFile; fileRef = A513FE442164848500FE20C0 /* WebViewController.swift */; };
		A53C8EB42162FBE300C7792F /* APIManager.swift in Sources */ = {isa = PBXBuildFile; fileRef = A53C8EB32162FBE300C7792F /* APIManager.swift */; };
		A575EC772161BF6E008BECEF /* Recipe.swift in Sources */ = {isa = PBXBuildFile; fileRef = A575EC762161BF6E008BECEF /* Recipe.swift */; };
		A575EC7A2161BFE7008BECEF /* RecipeCell.swift in Sources */ = {isa = PBXBuildFile; fileRef = A575EC792161BFE7008BECEF /* RecipeCell.swift */; };
		A575EC822161C05A008BECEF /* DiscoverController.swift in Sources */ = {isa = PBXBuildFile; fileRef = A575EC7D2161C05A008BECEF /* DiscoverController.swift */; };
		A575EC842161C05A008BECEF /* CreateAccountViewController.swift in Sources */ = {isa = PBXBuildFile; fileRef = A575EC7F2161C05A008BECEF /* CreateAccountViewController.swift */; };
		A593A220216336440068107B /* LoginController.swift in Sources */ = {isa = PBXBuildFile; fileRef = A593A21F216336440068107B /* LoginController.swift */; };
		A5C22AD12163369600178AB1 /* ProfileSettingsController.swift in Sources */ = {isa = PBXBuildFile; fileRef = A5C22AD02163369600178AB1 /* ProfileSettingsController.swift */; };
		D87537322161739C000DF5F3 /* Recipes.storyboard in Resources */ = {isa = PBXBuildFile; fileRef = D87537312161739C000DF5F3 /* Recipes.storyboard */; };
		D875373421617485000DF5F3 /* Profile.storyboard in Resources */ = {isa = PBXBuildFile; fileRef = D875373321617485000DF5F3 /* Profile.storyboard */; };
		D87537382161784E000DF5F3 /* ProfileViewController.swift in Sources */ = {isa = PBXBuildFile; fileRef = D87537372161784E000DF5F3 /* ProfileViewController.swift */; };
/* End PBXBuildFile section */

/* Begin PBXContainerItemProxy section */
		83DD62292130D70E00C92CBE /* PBXContainerItemProxy */ = {
			isa = PBXContainerItemProxy;
			containerPortal = 83DD620C2130D70C00C92CBE /* Project object */;
			proxyType = 1;
			remoteGlobalIDString = 83DD62132130D70C00C92CBE;
			remoteInfo = Pantry;
		};
		83DD62342130D70E00C92CBE /* PBXContainerItemProxy */ = {
			isa = PBXContainerItemProxy;
			containerPortal = 83DD620C2130D70C00C92CBE /* Project object */;
			proxyType = 1;
			remoteGlobalIDString = 83DD62132130D70C00C92CBE;
			remoteInfo = Pantry;
		};
/* End PBXContainerItemProxy section */

/* Begin PBXFileReference section */
		03CE540DEF15662A0F77C8B2 /* Pods-Pantry.release.xcconfig */ = {isa = PBXFileReference; includeInIndex = 1; lastKnownFileType = text.xcconfig; name = "Pods-Pantry.release.xcconfig"; path = "Pods/Target Support Files/Pods-Pantry/Pods-Pantry.release.xcconfig"; sourceTree = "<group>"; };
		198366FE2166C66A002C3B55 /* testLogin.swift */ = {isa = PBXFileReference; lastKnownFileType = sourcecode.swift; path = testLogin.swift; sourceTree = "<group>"; };
		19A66B66214EF86400F087F9 /* GoogleService-Info.plist */ = {isa = PBXFileReference; fileEncoding = 4; lastKnownFileType = text.plist.xml; path = "GoogleService-Info.plist"; sourceTree = "<group>"; };
		249CC8874FB921CC94D3D6F8 /* Pods-PantryTests.debug.xcconfig */ = {isa = PBXFileReference; includeInIndex = 1; lastKnownFileType = text.xcconfig; name = "Pods-PantryTests.debug.xcconfig"; path = "Pods/Target Support Files/Pods-PantryTests/Pods-PantryTests.debug.xcconfig"; sourceTree = "<group>"; };
		6EBBF268E4060135D5F142BB /* Pods_PantryUITests.framework */ = {isa = PBXFileReference; explicitFileType = wrapper.framework; includeInIndex = 0; path = Pods_PantryUITests.framework; sourceTree = BUILT_PRODUCTS_DIR; };
		7081036F3E1A3AA6829B9DC7 /* Pods_PantryTests.framework */ = {isa = PBXFileReference; explicitFileType = wrapper.framework; includeInIndex = 0; path = Pods_PantryTests.framework; sourceTree = BUILT_PRODUCTS_DIR; };
		7C6A67CB2166D89A00DFBBAC /* TabViewController.swift */ = {isa = PBXFileReference; lastKnownFileType = sourcecode.swift; path = TabViewController.swift; sourceTree = "<group>"; };
		7C9922F72165284700870D84 /* SouthernAire_Personal_Use_Only.ttf */ = {isa = PBXFileReference; lastKnownFileType = file; path = SouthernAire_Personal_Use_Only.ttf; sourceTree = "<group>"; };
		7C9922F82165286E00870D84 /* RemachineScript_Personal_Use.ttf */ = {isa = PBXFileReference; lastKnownFileType = file; path = RemachineScript_Personal_Use.ttf; sourceTree = "<group>"; };
		82F583D3AC5187E00C1B659D /* Pods-Pantry.debug.xcconfig */ = {isa = PBXFileReference; includeInIndex = 1; lastKnownFileType = text.xcconfig; name = "Pods-Pantry.debug.xcconfig"; path = "Pods/Target Support Files/Pods-Pantry/Pods-Pantry.debug.xcconfig"; sourceTree = "<group>"; };
		83DD62142130D70C00C92CBE /* Pantry.app */ = {isa = PBXFileReference; explicitFileType = wrapper.application; includeInIndex = 0; path = Pantry.app; sourceTree = BUILT_PRODUCTS_DIR; };
		83DD62172130D70C00C92CBE /* AppDelegate.swift */ = {isa = PBXFileReference; lastKnownFileType = sourcecode.swift; path = AppDelegate.swift; sourceTree = "<group>"; };
		83DD621C2130D70C00C92CBE /* Base */ = {isa = PBXFileReference; lastKnownFileType = file.storyboard; name = Base; path = Base.lproj/Main.storyboard; sourceTree = "<group>"; };
		83DD621E2130D70E00C92CBE /* Assets.xcassets */ = {isa = PBXFileReference; lastKnownFileType = folder.assetcatalog; path = Assets.xcassets; sourceTree = "<group>"; };
		83DD62212130D70E00C92CBE /* Base */ = {isa = PBXFileReference; lastKnownFileType = file.storyboard; name = Base; path = Base.lproj/LaunchScreen.storyboard; sourceTree = "<group>"; };
		83DD62232130D70E00C92CBE /* Info.plist */ = {isa = PBXFileReference; lastKnownFileType = text.plist.xml; path = Info.plist; sourceTree = "<group>"; };
		83DD62282130D70E00C92CBE /* PantryTests.xctest */ = {isa = PBXFileReference; explicitFileType = wrapper.cfbundle; includeInIndex = 0; path = PantryTests.xctest; sourceTree = BUILT_PRODUCTS_DIR; };
		83DD622C2130D70E00C92CBE /* PantryTests.swift */ = {isa = PBXFileReference; lastKnownFileType = sourcecode.swift; path = PantryTests.swift; sourceTree = "<group>"; };
		83DD622E2130D70E00C92CBE /* Info.plist */ = {isa = PBXFileReference; lastKnownFileType = text.plist.xml; path = Info.plist; sourceTree = "<group>"; };
		83DD62332130D70E00C92CBE /* PantryUITests.xctest */ = {isa = PBXFileReference; explicitFileType = wrapper.cfbundle; includeInIndex = 0; path = PantryUITests.xctest; sourceTree = BUILT_PRODUCTS_DIR; };
		83DD62372130D70E00C92CBE /* PantryUITests.swift */ = {isa = PBXFileReference; lastKnownFileType = sourcecode.swift; path = PantryUITests.swift; sourceTree = "<group>"; };
		83DD62392130D70E00C92CBE /* Info.plist */ = {isa = PBXFileReference; lastKnownFileType = text.plist.xml; path = Info.plist; sourceTree = "<group>"; };
		A513FE312164388600FE20C0 /* Pantry.storyboard */ = {isa = PBXFileReference; lastKnownFileType = file.storyboard; path = Pantry.storyboard; sourceTree = "<group>"; };
		A513FE33216439F300FE20C0 /* PantryViewController.swift */ = {isa = PBXFileReference; lastKnownFileType = sourcecode.swift; path = PantryViewController.swift; sourceTree = "<group>"; };
		A513FE3621643FDF00FE20C0 /* CustomRecipesViewController.swift */ = {isa = PBXFileReference; lastKnownFileType = sourcecode.swift; path = CustomRecipesViewController.swift; sourceTree = "<group>"; };
		A513FE382164400100FE20C0 /* RecipeControllerViewController.swift */ = {isa = PBXFileReference; lastKnownFileType = sourcecode.swift; path = RecipeControllerViewController.swift; sourceTree = "<group>"; };
		A513FE3C2164555600FE20C0 /* CustomRecipeCell.swift */ = {isa = PBXFileReference; lastKnownFileType = sourcecode.swift; path = CustomRecipeCell.swift; sourceTree = "<group>"; };
		A513FE3E216471D400FE20C0 /* SavedRecipesController.swift */ = {isa = PBXFileReference; lastKnownFileType = sourcecode.swift; path = SavedRecipesController.swift; sourceTree = "<group>"; };
		A513FE402164771000FE20C0 /* CreateRecipeController.swift */ = {isa = PBXFileReference; lastKnownFileType = sourcecode.swift; path = CreateRecipeController.swift; sourceTree = "<group>"; };
		A513FE4221647F3700FE20C0 /* RecipeDetailsController.swift */ = {isa = PBXFileReference; lastKnownFileType = sourcecode.swift; path = RecipeDetailsController.swift; sourceTree = "<group>"; };
		A513FE442164848500FE20C0 /* WebViewController.swift */ = {isa = PBXFileReference; lastKnownFileType = sourcecode.swift; path = WebViewController.swift; sourceTree = "<group>"; };
		A53C8EB32162FBE300C7792F /* APIManager.swift */ = {isa = PBXFileReference; lastKnownFileType = sourcecode.swift; path = APIManager.swift; sourceTree = "<group>"; };
		A575EC762161BF6E008BECEF /* Recipe.swift */ = {isa = PBXFileReference; lastKnownFileType = sourcecode.swift; path = Recipe.swift; sourceTree = "<group>"; };
		A575EC792161BFE7008BECEF /* RecipeCell.swift */ = {isa = PBXFileReference; lastKnownFileType = sourcecode.swift; path = RecipeCell.swift; sourceTree = "<group>"; };
		A575EC7D2161C05A008BECEF /* DiscoverController.swift */ = {isa = PBXFileReference; fileEncoding = 4; lastKnownFileType = sourcecode.swift; path = DiscoverController.swift; sourceTree = "<group>"; };
		A575EC7F2161C05A008BECEF /* CreateAccountViewController.swift */ = {isa = PBXFileReference; fileEncoding = 4; lastKnownFileType = sourcecode.swift; path = CreateAccountViewController.swift; sourceTree = "<group>"; };
		A593A21F216336440068107B /* LoginController.swift */ = {isa = PBXFileReference; lastKnownFileType = sourcecode.swift; path = LoginController.swift; sourceTree = "<group>"; };
		A5C22AD02163369600178AB1 /* ProfileSettingsController.swift */ = {isa = PBXFileReference; lastKnownFileType = sourcecode.swift; path = ProfileSettingsController.swift; sourceTree = "<group>"; };
		D87537312161739C000DF5F3 /* Recipes.storyboard */ = {isa = PBXFileReference; lastKnownFileType = file.storyboard; path = Recipes.storyboard; sourceTree = "<group>"; };
		D875373321617485000DF5F3 /* Profile.storyboard */ = {isa = PBXFileReference; lastKnownFileType = file.storyboard; path = Profile.storyboard; sourceTree = "<group>"; };
		D87537372161784E000DF5F3 /* ProfileViewController.swift */ = {isa = PBXFileReference; lastKnownFileType = sourcecode.swift; path = ProfileViewController.swift; sourceTree = "<group>"; };
		E9D9EDBBA9E81A78DAA0A133 /* Pods-PantryTests.release.xcconfig */ = {isa = PBXFileReference; includeInIndex = 1; lastKnownFileType = text.xcconfig; name = "Pods-PantryTests.release.xcconfig"; path = "Pods/Target Support Files/Pods-PantryTests/Pods-PantryTests.release.xcconfig"; sourceTree = "<group>"; };
		EB2B00851D5D3ED1A10F598E /* Pods-PantryUITests.debug.xcconfig */ = {isa = PBXFileReference; includeInIndex = 1; lastKnownFileType = text.xcconfig; name = "Pods-PantryUITests.debug.xcconfig"; path = "Pods/Target Support Files/Pods-PantryUITests/Pods-PantryUITests.debug.xcconfig"; sourceTree = "<group>"; };
		EE4243FB0A5C7EA759FF3C72 /* Pods_Pantry.framework */ = {isa = PBXFileReference; explicitFileType = wrapper.framework; includeInIndex = 0; path = Pods_Pantry.framework; sourceTree = BUILT_PRODUCTS_DIR; };
		F8C334AE7CC1D27EBBC56E96 /* Pods-PantryUITests.release.xcconfig */ = {isa = PBXFileReference; includeInIndex = 1; lastKnownFileType = text.xcconfig; name = "Pods-PantryUITests.release.xcconfig"; path = "Pods/Target Support Files/Pods-PantryUITests/Pods-PantryUITests.release.xcconfig"; sourceTree = "<group>"; };
/* End PBXFileReference section */

/* Begin PBXFrameworksBuildPhase section */
		83DD62112130D70C00C92CBE /* Frameworks */ = {
			isa = PBXFrameworksBuildPhase;
			buildActionMask = 2147483647;
			files = (
				8B5D9ED29ECE045CDA7DCA31 /* Pods_Pantry.framework in Frameworks */,
			);
			runOnlyForDeploymentPostprocessing = 0;
		};
		83DD62252130D70E00C92CBE /* Frameworks */ = {
			isa = PBXFrameworksBuildPhase;
			buildActionMask = 2147483647;
			files = (
				7190445F3C93CAD088BED387 /* Pods_PantryTests.framework in Frameworks */,
			);
			runOnlyForDeploymentPostprocessing = 0;
		};
		83DD62302130D70E00C92CBE /* Frameworks */ = {
			isa = PBXFrameworksBuildPhase;
			buildActionMask = 2147483647;
			files = (
				566191B23932BD1C7D364A3B /* Pods_PantryUITests.framework in Frameworks */,
			);
			runOnlyForDeploymentPostprocessing = 0;
		};
/* End PBXFrameworksBuildPhase section */

/* Begin PBXGroup section */
		117C6379EBF0DED3D17B1F2F /* Frameworks */ = {
			isa = PBXGroup;
			children = (
				EE4243FB0A5C7EA759FF3C72 /* Pods_Pantry.framework */,
				7081036F3E1A3AA6829B9DC7 /* Pods_PantryTests.framework */,
				6EBBF268E4060135D5F142BB /* Pods_PantryUITests.framework */,
			);
			name = Frameworks;
			sourceTree = "<group>";
		};
		83DD620B2130D70C00C92CBE = {
			isa = PBXGroup;
			children = (
				83DD62162130D70C00C92CBE /* Pantry */,
				83DD622B2130D70E00C92CBE /* PantryTests */,
				83DD62362130D70E00C92CBE /* PantryUITests */,
				83DD62152130D70C00C92CBE /* Products */,
				C8AC664EA5DB539466A7F945 /* Pods */,
				117C6379EBF0DED3D17B1F2F /* Frameworks */,
			);
			sourceTree = "<group>";
		};
		83DD62152130D70C00C92CBE /* Products */ = {
			isa = PBXGroup;
			children = (
				83DD62142130D70C00C92CBE /* Pantry.app */,
				83DD62282130D70E00C92CBE /* PantryTests.xctest */,
				83DD62332130D70E00C92CBE /* PantryUITests.xctest */,
			);
			name = Products;
			sourceTree = "<group>";
		};
		83DD62162130D70C00C92CBE /* Pantry */ = {
			isa = PBXGroup;
			children = (
				A53C8EB22162FBD100C7792F /* API */,
				A575EC782161BF82008BECEF /* Views */,
				A575EC752161BF5F008BECEF /* Models */,
				D875372C2161702C000DF5F3 /* Story Boards */,
				A579F0EF21572D8300AD06C0 /* Controllers */,
				83DD621E2130D70E00C92CBE /* Assets.xcassets */,
				7C9922F82165286E00870D84 /* RemachineScript_Personal_Use.ttf */,
				7C9922F72165284700870D84 /* SouthernAire_Personal_Use_Only.ttf */,
				83DD62232130D70E00C92CBE /* Info.plist */,
				19A66B66214EF86400F087F9 /* GoogleService-Info.plist */,
				83DD62172130D70C00C92CBE /* AppDelegate.swift */,
			);
			path = Pantry;
			sourceTree = "<group>";
		};
		83DD622B2130D70E00C92CBE /* PantryTests */ = {
			isa = PBXGroup;
			children = (
				198366FE2166C66A002C3B55 /* testLogin.swift */,
				83DD622C2130D70E00C92CBE /* PantryTests.swift */,
				83DD622E2130D70E00C92CBE /* Info.plist */,
			);
			path = PantryTests;
			sourceTree = "<group>";
		};
		83DD62362130D70E00C92CBE /* PantryUITests */ = {
			isa = PBXGroup;
			children = (
				83DD62372130D70E00C92CBE /* PantryUITests.swift */,
				83DD62392130D70E00C92CBE /* Info.plist */,
			);
			path = PantryUITests;
			sourceTree = "<group>";
		};
		A513FE3521643FC500FE20C0 /* Recipes */ = {
			isa = PBXGroup;
			children = (
				A575EC7D2161C05A008BECEF /* DiscoverController.swift */,
				A513FE3621643FDF00FE20C0 /* CustomRecipesViewController.swift */,
				A513FE382164400100FE20C0 /* RecipeControllerViewController.swift */,
				A513FE3E216471D400FE20C0 /* SavedRecipesController.swift */,
				A513FE402164771000FE20C0 /* CreateRecipeController.swift */,
				A513FE4221647F3700FE20C0 /* RecipeDetailsController.swift */,
			);
			path = Recipes;
			sourceTree = "<group>";
		};
		A53C8EB22162FBD100C7792F /* API */ = {
			isa = PBXGroup;
			children = (
				A53C8EB32162FBE300C7792F /* APIManager.swift */,
			);
			path = API;
			sourceTree = "<group>";
		};
		A575EC752161BF5F008BECEF /* Models */ = {
			isa = PBXGroup;
			children = (
				A575EC762161BF6E008BECEF /* Recipe.swift */,
			);
			path = Models;
			sourceTree = "<group>";
		};
		A575EC782161BF82008BECEF /* Views */ = {
			isa = PBXGroup;
			children = (
				A575EC792161BFE7008BECEF /* RecipeCell.swift */,
				A513FE3C2164555600FE20C0 /* CustomRecipeCell.swift */,
			);
			path = Views;
			sourceTree = "<group>";
		};
		A579F0EF21572D8300AD06C0 /* Controllers */ = {
			isa = PBXGroup;
			children = (
				A513FE3521643FC500FE20C0 /* Recipes */,
				A575EC7F2161C05A008BECEF /* CreateAccountViewController.swift */,
				D87537372161784E000DF5F3 /* ProfileViewController.swift */,
				A593A21F216336440068107B /* LoginController.swift */,
				A5C22AD02163369600178AB1 /* ProfileSettingsController.swift */,
				A513FE33216439F300FE20C0 /* PantryViewController.swift */,
				A513FE442164848500FE20C0 /* WebViewController.swift */,
				7C6A67CB2166D89A00DFBBAC /* TabViewController.swift */,
			);
			path = Controllers;
			sourceTree = "<group>";
		};
		C8AC664EA5DB539466A7F945 /* Pods */ = {
			isa = PBXGroup;
			children = (
				82F583D3AC5187E00C1B659D /* Pods-Pantry.debug.xcconfig */,
				03CE540DEF15662A0F77C8B2 /* Pods-Pantry.release.xcconfig */,
				249CC8874FB921CC94D3D6F8 /* Pods-PantryTests.debug.xcconfig */,
				E9D9EDBBA9E81A78DAA0A133 /* Pods-PantryTests.release.xcconfig */,
				EB2B00851D5D3ED1A10F598E /* Pods-PantryUITests.debug.xcconfig */,
				F8C334AE7CC1D27EBBC56E96 /* Pods-PantryUITests.release.xcconfig */,
			);
			name = Pods;
			sourceTree = "<group>";
		};
		D875372C2161702C000DF5F3 /* Story Boards */ = {
			isa = PBXGroup;
			children = (
				83DD621B2130D70C00C92CBE /* Main.storyboard */,
				D87537312161739C000DF5F3 /* Recipes.storyboard */,
				83DD62202130D70E00C92CBE /* LaunchScreen.storyboard */,
				D875373321617485000DF5F3 /* Profile.storyboard */,
				A513FE312164388600FE20C0 /* Pantry.storyboard */,
			);
			path = "Story Boards";
			sourceTree = "<group>";
		};
/* End PBXGroup section */

/* Begin PBXNativeTarget section */
		83DD62132130D70C00C92CBE /* Pantry */ = {
			isa = PBXNativeTarget;
			buildConfigurationList = 83DD623C2130D70E00C92CBE /* Build configuration list for PBXNativeTarget "Pantry" */;
			buildPhases = (
				E8C5FDEE0061F90AE0578B4F /* [CP] Check Pods Manifest.lock */,
				83DD62102130D70C00C92CBE /* Sources */,
				83DD62112130D70C00C92CBE /* Frameworks */,
				83DD62122130D70C00C92CBE /* Resources */,
				36CB15948273B4744724BC90 /* [CP] Embed Pods Frameworks */,
			);
			buildRules = (
			);
			dependencies = (
			);
			name = Pantry;
			productName = Pantry;
			productReference = 83DD62142130D70C00C92CBE /* Pantry.app */;
			productType = "com.apple.product-type.application";
		};
		83DD62272130D70E00C92CBE /* PantryTests */ = {
			isa = PBXNativeTarget;
			buildConfigurationList = 83DD623F2130D70E00C92CBE /* Build configuration list for PBXNativeTarget "PantryTests" */;
			buildPhases = (
				352F3241FC499C95EA21ED8A /* [CP] Check Pods Manifest.lock */,
				83DD62242130D70E00C92CBE /* Sources */,
				83DD62252130D70E00C92CBE /* Frameworks */,
				83DD62262130D70E00C92CBE /* Resources */,
			);
			buildRules = (
			);
			dependencies = (
				83DD622A2130D70E00C92CBE /* PBXTargetDependency */,
			);
			name = PantryTests;
			productName = PantryTests;
			productReference = 83DD62282130D70E00C92CBE /* PantryTests.xctest */;
			productType = "com.apple.product-type.bundle.unit-test";
		};
		83DD62322130D70E00C92CBE /* PantryUITests */ = {
			isa = PBXNativeTarget;
			buildConfigurationList = 83DD62422130D70E00C92CBE /* Build configuration list for PBXNativeTarget "PantryUITests" */;
			buildPhases = (
				213708CFEE456DDF72548E01 /* [CP] Check Pods Manifest.lock */,
				83DD622F2130D70E00C92CBE /* Sources */,
				83DD62302130D70E00C92CBE /* Frameworks */,
				83DD62312130D70E00C92CBE /* Resources */,
			);
			buildRules = (
			);
			dependencies = (
				83DD62352130D70E00C92CBE /* PBXTargetDependency */,
			);
			name = PantryUITests;
			productName = PantryUITests;
			productReference = 83DD62332130D70E00C92CBE /* PantryUITests.xctest */;
			productType = "com.apple.product-type.bundle.ui-testing";
		};
/* End PBXNativeTarget section */

/* Begin PBXProject section */
		83DD620C2130D70C00C92CBE /* Project object */ = {
			isa = PBXProject;
			attributes = {
				LastSwiftUpdateCheck = 0940;
				LastUpgradeCheck = 0940;
				ORGANIZATIONNAME = jdidat;
				TargetAttributes = {
					83DD62132130D70C00C92CBE = {
						CreatedOnToolsVersion = 9.4.1;
					};
					83DD62272130D70E00C92CBE = {
						CreatedOnToolsVersion = 9.4.1;
						TestTargetID = 83DD62132130D70C00C92CBE;
					};
					83DD62322130D70E00C92CBE = {
						CreatedOnToolsVersion = 9.4.1;
						TestTargetID = 83DD62132130D70C00C92CBE;
					};
				};
			};
			buildConfigurationList = 83DD620F2130D70C00C92CBE /* Build configuration list for PBXProject "Pantry" */;
			compatibilityVersion = "Xcode 9.3";
			developmentRegion = en;
			hasScannedForEncodings = 0;
			knownRegions = (
				en,
				Base,
			);
			mainGroup = 83DD620B2130D70C00C92CBE;
			productRefGroup = 83DD62152130D70C00C92CBE /* Products */;
			projectDirPath = "";
			projectRoot = "";
			targets = (
				83DD62132130D70C00C92CBE /* Pantry */,
				83DD62272130D70E00C92CBE /* PantryTests */,
				83DD62322130D70E00C92CBE /* PantryUITests */,
			);
		};
/* End PBXProject section */

/* Begin PBXResourcesBuildPhase section */
		83DD62122130D70C00C92CBE /* Resources */ = {
			isa = PBXResourcesBuildPhase;
			buildActionMask = 2147483647;
			files = (
				7C9922F921652A3500870D84 /* RemachineScript_Personal_Use.ttf in Resources */,
				83DD62222130D70E00C92CBE /* LaunchScreen.storyboard in Resources */,
				D875373421617485000DF5F3 /* Profile.storyboard in Resources */,
				19A66B67214EF86400F087F9 /* GoogleService-Info.plist in Resources */,
				A513FE322164388600FE20C0 /* Pantry.storyboard in Resources */,
				83DD621F2130D70E00C92CBE /* Assets.xcassets in Resources */,
				D87537322161739C000DF5F3 /* Recipes.storyboard in Resources */,
				83DD621D2130D70C00C92CBE /* Main.storyboard in Resources */,
			);
			runOnlyForDeploymentPostprocessing = 0;
		};
		83DD62262130D70E00C92CBE /* Resources */ = {
			isa = PBXResourcesBuildPhase;
			buildActionMask = 2147483647;
			files = (
			);
			runOnlyForDeploymentPostprocessing = 0;
		};
		83DD62312130D70E00C92CBE /* Resources */ = {
			isa = PBXResourcesBuildPhase;
			buildActionMask = 2147483647;
			files = (
			);
			runOnlyForDeploymentPostprocessing = 0;
		};
/* End PBXResourcesBuildPhase section */

/* Begin PBXShellScriptBuildPhase section */
		213708CFEE456DDF72548E01 /* [CP] Check Pods Manifest.lock */ = {
			isa = PBXShellScriptBuildPhase;
			buildActionMask = 2147483647;
			files = (
			);
			inputPaths = (
				"${PODS_PODFILE_DIR_PATH}/Podfile.lock",
				"${PODS_ROOT}/Manifest.lock",
			);
			name = "[CP] Check Pods Manifest.lock";
			outputPaths = (
				"$(DERIVED_FILE_DIR)/Pods-PantryUITests-checkManifestLockResult.txt",
			);
			runOnlyForDeploymentPostprocessing = 0;
			shellPath = /bin/sh;
			shellScript = "diff \"${PODS_PODFILE_DIR_PATH}/Podfile.lock\" \"${PODS_ROOT}/Manifest.lock\" > /dev/null\nif [ $? != 0 ] ; then\n    # print error to STDERR\n    echo \"error: The sandbox is not in sync with the Podfile.lock. Run 'pod install' or update your CocoaPods installation.\" >&2\n    exit 1\nfi\n# This output is used by Xcode 'outputs' to avoid re-running this script phase.\necho \"SUCCESS\" > \"${SCRIPT_OUTPUT_FILE_0}\"\n";
			showEnvVarsInLog = 0;
		};
		352F3241FC499C95EA21ED8A /* [CP] Check Pods Manifest.lock */ = {
			isa = PBXShellScriptBuildPhase;
			buildActionMask = 2147483647;
			files = (
			);
			inputPaths = (
				"${PODS_PODFILE_DIR_PATH}/Podfile.lock",
				"${PODS_ROOT}/Manifest.lock",
			);
			name = "[CP] Check Pods Manifest.lock";
			outputPaths = (
				"$(DERIVED_FILE_DIR)/Pods-PantryTests-checkManifestLockResult.txt",
			);
			runOnlyForDeploymentPostprocessing = 0;
			shellPath = /bin/sh;
			shellScript = "diff \"${PODS_PODFILE_DIR_PATH}/Podfile.lock\" \"${PODS_ROOT}/Manifest.lock\" > /dev/null\nif [ $? != 0 ] ; then\n    # print error to STDERR\n    echo \"error: The sandbox is not in sync with the Podfile.lock. Run 'pod install' or update your CocoaPods installation.\" >&2\n    exit 1\nfi\n# This output is used by Xcode 'outputs' to avoid re-running this script phase.\necho \"SUCCESS\" > \"${SCRIPT_OUTPUT_FILE_0}\"\n";
			showEnvVarsInLog = 0;
		};
		36CB15948273B4744724BC90 /* [CP] Embed Pods Frameworks */ = {
			isa = PBXShellScriptBuildPhase;
			buildActionMask = 2147483647;
			files = (
			);
			inputPaths = (
				"${SRCROOT}/Pods/Target Support Files/Pods-Pantry/Pods-Pantry-frameworks.sh",
				"${BUILT_PRODUCTS_DIR}/ACFloatingTextfield-Objc/ACFloatingTextfield_Objc.framework",
				"${BUILT_PRODUCTS_DIR}/Alamofire/Alamofire.framework",
				"${BUILT_PRODUCTS_DIR}/AlamofireImage/AlamofireImage.framework",
				"${BUILT_PRODUCTS_DIR}/BoringSSL/openssl.framework",
				"${BUILT_PRODUCTS_DIR}/Cosmos/Cosmos.framework",
				"${BUILT_PRODUCTS_DIR}/GTMSessionFetcher/GTMSessionFetcher.framework",
				"${BUILT_PRODUCTS_DIR}/GoogleUtilities/GoogleUtilities.framework",
				"${BUILT_PRODUCTS_DIR}/NightNight/NightNight.framework",
				"${BUILT_PRODUCTS_DIR}/Pastel/Pastel.framework",
				"${BUILT_PRODUCTS_DIR}/Protobuf/Protobuf.framework",
				"${BUILT_PRODUCTS_DIR}/SwiftyButton/SwiftyButton.framework",
				"${BUILT_PRODUCTS_DIR}/TableFlip/TableFlip.framework",
				"${BUILT_PRODUCTS_DIR}/gRPC/GRPCClient.framework",
				"${BUILT_PRODUCTS_DIR}/gRPC-C++/grpcpp.framework",
				"${BUILT_PRODUCTS_DIR}/gRPC-Core/grpc.framework",
				"${BUILT_PRODUCTS_DIR}/gRPC-ProtoRPC/ProtoRPC.framework",
				"${BUILT_PRODUCTS_DIR}/gRPC-RxLibrary/RxLibrary.framework",
				"${BUILT_PRODUCTS_DIR}/leveldb-library/leveldb.framework",
				"${BUILT_PRODUCTS_DIR}/nanopb/nanopb.framework",
			);
			name = "[CP] Embed Pods Frameworks";
			outputPaths = (
				"${TARGET_BUILD_DIR}/${FRAMEWORKS_FOLDER_PATH}/ACFloatingTextfield_Objc.framework",
				"${TARGET_BUILD_DIR}/${FRAMEWORKS_FOLDER_PATH}/Alamofire.framework",
				"${TARGET_BUILD_DIR}/${FRAMEWORKS_FOLDER_PATH}/AlamofireImage.framework",
				"${TARGET_BUILD_DIR}/${FRAMEWORKS_FOLDER_PATH}/openssl.framework",
				"${TARGET_BUILD_DIR}/${FRAMEWORKS_FOLDER_PATH}/Cosmos.framework",
				"${TARGET_BUILD_DIR}/${FRAMEWORKS_FOLDER_PATH}/GTMSessionFetcher.framework",
				"${TARGET_BUILD_DIR}/${FRAMEWORKS_FOLDER_PATH}/GoogleUtilities.framework",
				"${TARGET_BUILD_DIR}/${FRAMEWORKS_FOLDER_PATH}/NightNight.framework",
				"${TARGET_BUILD_DIR}/${FRAMEWORKS_FOLDER_PATH}/Pastel.framework",
				"${TARGET_BUILD_DIR}/${FRAMEWORKS_FOLDER_PATH}/Protobuf.framework",
				"${TARGET_BUILD_DIR}/${FRAMEWORKS_FOLDER_PATH}/SwiftyButton.framework",
				"${TARGET_BUILD_DIR}/${FRAMEWORKS_FOLDER_PATH}/TableFlip.framework",
				"${TARGET_BUILD_DIR}/${FRAMEWORKS_FOLDER_PATH}/GRPCClient.framework",
				"${TARGET_BUILD_DIR}/${FRAMEWORKS_FOLDER_PATH}/grpcpp.framework",
				"${TARGET_BUILD_DIR}/${FRAMEWORKS_FOLDER_PATH}/grpc.framework",
				"${TARGET_BUILD_DIR}/${FRAMEWORKS_FOLDER_PATH}/ProtoRPC.framework",
				"${TARGET_BUILD_DIR}/${FRAMEWORKS_FOLDER_PATH}/RxLibrary.framework",
				"${TARGET_BUILD_DIR}/${FRAMEWORKS_FOLDER_PATH}/leveldb.framework",
				"${TARGET_BUILD_DIR}/${FRAMEWORKS_FOLDER_PATH}/nanopb.framework",
			);
			runOnlyForDeploymentPostprocessing = 0;
			shellPath = /bin/sh;
			shellScript = "\"${SRCROOT}/Pods/Target Support Files/Pods-Pantry/Pods-Pantry-frameworks.sh\"\n";
			showEnvVarsInLog = 0;
		};
		E8C5FDEE0061F90AE0578B4F /* [CP] Check Pods Manifest.lock */ = {
			isa = PBXShellScriptBuildPhase;
			buildActionMask = 2147483647;
			files = (
			);
			inputPaths = (
				"${PODS_PODFILE_DIR_PATH}/Podfile.lock",
				"${PODS_ROOT}/Manifest.lock",
			);
			name = "[CP] Check Pods Manifest.lock";
			outputPaths = (
				"$(DERIVED_FILE_DIR)/Pods-Pantry-checkManifestLockResult.txt",
			);
			runOnlyForDeploymentPostprocessing = 0;
			shellPath = /bin/sh;
			shellScript = "diff \"${PODS_PODFILE_DIR_PATH}/Podfile.lock\" \"${PODS_ROOT}/Manifest.lock\" > /dev/null\nif [ $? != 0 ] ; then\n    # print error to STDERR\n    echo \"error: The sandbox is not in sync with the Podfile.lock. Run 'pod install' or update your CocoaPods installation.\" >&2\n    exit 1\nfi\n# This output is used by Xcode 'outputs' to avoid re-running this script phase.\necho \"SUCCESS\" > \"${SCRIPT_OUTPUT_FILE_0}\"\n";
			showEnvVarsInLog = 0;
		};
/* End PBXShellScriptBuildPhase section */

/* Begin PBXSourcesBuildPhase section */
		83DD62102130D70C00C92CBE /* Sources */ = {
			isa = PBXSourcesBuildPhase;
			buildActionMask = 2147483647;
			files = (
				A575EC842161C05A008BECEF /* CreateAccountViewController.swift in Sources */,
				A513FE3D2164555600FE20C0 /* CustomRecipeCell.swift in Sources */,
				D87537382161784E000DF5F3 /* ProfileViewController.swift in Sources */,
				A53C8EB42162FBE300C7792F /* APIManager.swift in Sources */,
				A513FE3721643FDF00FE20C0 /* CustomRecipesViewController.swift in Sources */,
				A593A220216336440068107B /* LoginController.swift in Sources */,
				7C6A67CC2166D89A00DFBBAC /* TabViewController.swift in Sources */,
				A513FE34216439F300FE20C0 /* PantryViewController.swift in Sources */,
				A575EC822161C05A008BECEF /* DiscoverController.swift in Sources */,
				A5C22AD12163369600178AB1 /* ProfileSettingsController.swift in Sources */,
				A513FE412164771000FE20C0 /* CreateRecipeController.swift in Sources */,
				A513FE4321647F3700FE20C0 /* RecipeDetailsController.swift in Sources */,
				A513FE3F216471D400FE20C0 /* SavedRecipesController.swift in Sources */,
				A513FE452164848500FE20C0 /* WebViewController.swift in Sources */,
				A575EC7A2161BFE7008BECEF /* RecipeCell.swift in Sources */,
				A575EC772161BF6E008BECEF /* Recipe.swift in Sources */,
				A513FE392164400100FE20C0 /* RecipeControllerViewController.swift in Sources */,
				83DD62182130D70C00C92CBE /* AppDelegate.swift in Sources */,
			);
			runOnlyForDeploymentPostprocessing = 0;
		};
		83DD62242130D70E00C92CBE /* Sources */ = {
			isa = PBXSourcesBuildPhase;
			buildActionMask = 2147483647;
			files = (
				83DD622D2130D70E00C92CBE /* PantryTests.swift in Sources */,
				198366FF2166C66A002C3B55 /* testLogin.swift in Sources */,
			);
			runOnlyForDeploymentPostprocessing = 0;
		};
		83DD622F2130D70E00C92CBE /* Sources */ = {
			isa = PBXSourcesBuildPhase;
			buildActionMask = 2147483647;
			files = (
				83DD62382130D70E00C92CBE /* PantryUITests.swift in Sources */,
			);
			runOnlyForDeploymentPostprocessing = 0;
		};
/* End PBXSourcesBuildPhase section */

/* Begin PBXTargetDependency section */
		83DD622A2130D70E00C92CBE /* PBXTargetDependency */ = {
			isa = PBXTargetDependency;
			target = 83DD62132130D70C00C92CBE /* Pantry */;
			targetProxy = 83DD62292130D70E00C92CBE /* PBXContainerItemProxy */;
		};
		83DD62352130D70E00C92CBE /* PBXTargetDependency */ = {
			isa = PBXTargetDependency;
			target = 83DD62132130D70C00C92CBE /* Pantry */;
			targetProxy = 83DD62342130D70E00C92CBE /* PBXContainerItemProxy */;
		};
/* End PBXTargetDependency section */

/* Begin PBXVariantGroup section */
		83DD621B2130D70C00C92CBE /* Main.storyboard */ = {
			isa = PBXVariantGroup;
			children = (
				83DD621C2130D70C00C92CBE /* Base */,
			);
			name = Main.storyboard;
			sourceTree = "<group>";
		};
		83DD62202130D70E00C92CBE /* LaunchScreen.storyboard */ = {
			isa = PBXVariantGroup;
			children = (
				83DD62212130D70E00C92CBE /* Base */,
			);
			name = LaunchScreen.storyboard;
			sourceTree = "<group>";
		};
/* End PBXVariantGroup section */

/* Begin XCBuildConfiguration section */
		83DD623A2130D70E00C92CBE /* Debug */ = {
			isa = XCBuildConfiguration;
			buildSettings = {
				ALWAYS_SEARCH_USER_PATHS = NO;
				CLANG_ANALYZER_NONNULL = YES;
				CLANG_ANALYZER_NUMBER_OBJECT_CONVERSION = YES_AGGRESSIVE;
				CLANG_CXX_LANGUAGE_STANDARD = "gnu++14";
				CLANG_CXX_LIBRARY = "libc++";
				CLANG_ENABLE_MODULES = YES;
				CLANG_ENABLE_OBJC_ARC = YES;
				CLANG_ENABLE_OBJC_WEAK = YES;
				CLANG_WARN_BLOCK_CAPTURE_AUTORELEASING = YES;
				CLANG_WARN_BOOL_CONVERSION = YES;
				CLANG_WARN_COMMA = YES;
				CLANG_WARN_CONSTANT_CONVERSION = YES;
				CLANG_WARN_DEPRECATED_OBJC_IMPLEMENTATIONS = YES;
				CLANG_WARN_DIRECT_OBJC_ISA_USAGE = YES_ERROR;
				CLANG_WARN_DOCUMENTATION_COMMENTS = YES;
				CLANG_WARN_EMPTY_BODY = YES;
				CLANG_WARN_ENUM_CONVERSION = YES;
				CLANG_WARN_INFINITE_RECURSION = YES;
				CLANG_WARN_INT_CONVERSION = YES;
				CLANG_WARN_NON_LITERAL_NULL_CONVERSION = YES;
				CLANG_WARN_OBJC_IMPLICIT_RETAIN_SELF = YES;
				CLANG_WARN_OBJC_LITERAL_CONVERSION = YES;
				CLANG_WARN_OBJC_ROOT_CLASS = YES_ERROR;
				CLANG_WARN_RANGE_LOOP_ANALYSIS = YES;
				CLANG_WARN_STRICT_PROTOTYPES = YES;
				CLANG_WARN_SUSPICIOUS_MOVE = YES;
				CLANG_WARN_UNGUARDED_AVAILABILITY = YES_AGGRESSIVE;
				CLANG_WARN_UNREACHABLE_CODE = YES;
				CLANG_WARN__DUPLICATE_METHOD_MATCH = YES;
				CODE_SIGN_IDENTITY = "iPhone Developer";
				COPY_PHASE_STRIP = NO;
				DEBUG_INFORMATION_FORMAT = dwarf;
				ENABLE_STRICT_OBJC_MSGSEND = YES;
				ENABLE_TESTABILITY = YES;
				GCC_C_LANGUAGE_STANDARD = gnu11;
				GCC_DYNAMIC_NO_PIC = NO;
				GCC_NO_COMMON_BLOCKS = YES;
				GCC_OPTIMIZATION_LEVEL = 0;
				GCC_PREPROCESSOR_DEFINITIONS = (
					"DEBUG=1",
					"$(inherited)",
				);
				GCC_WARN_64_TO_32_BIT_CONVERSION = YES;
				GCC_WARN_ABOUT_RETURN_TYPE = YES_ERROR;
				GCC_WARN_UNDECLARED_SELECTOR = YES;
				GCC_WARN_UNINITIALIZED_AUTOS = YES_AGGRESSIVE;
				GCC_WARN_UNUSED_FUNCTION = YES;
				GCC_WARN_UNUSED_VARIABLE = YES;
				IPHONEOS_DEPLOYMENT_TARGET = 11.4;
				MTL_ENABLE_DEBUG_INFO = YES;
				ONLY_ACTIVE_ARCH = YES;
				SDKROOT = iphoneos;
				SWIFT_ACTIVE_COMPILATION_CONDITIONS = DEBUG;
				SWIFT_OPTIMIZATION_LEVEL = "-Onone";
			};
			name = Debug;
		};
		83DD623B2130D70E00C92CBE /* Release */ = {
			isa = XCBuildConfiguration;
			buildSettings = {
				ALWAYS_SEARCH_USER_PATHS = NO;
				CLANG_ANALYZER_NONNULL = YES;
				CLANG_ANALYZER_NUMBER_OBJECT_CONVERSION = YES_AGGRESSIVE;
				CLANG_CXX_LANGUAGE_STANDARD = "gnu++14";
				CLANG_CXX_LIBRARY = "libc++";
				CLANG_ENABLE_MODULES = YES;
				CLANG_ENABLE_OBJC_ARC = YES;
				CLANG_ENABLE_OBJC_WEAK = YES;
				CLANG_WARN_BLOCK_CAPTURE_AUTORELEASING = YES;
				CLANG_WARN_BOOL_CONVERSION = YES;
				CLANG_WARN_COMMA = YES;
				CLANG_WARN_CONSTANT_CONVERSION = YES;
				CLANG_WARN_DEPRECATED_OBJC_IMPLEMENTATIONS = YES;
				CLANG_WARN_DIRECT_OBJC_ISA_USAGE = YES_ERROR;
				CLANG_WARN_DOCUMENTATION_COMMENTS = YES;
				CLANG_WARN_EMPTY_BODY = YES;
				CLANG_WARN_ENUM_CONVERSION = YES;
				CLANG_WARN_INFINITE_RECURSION = YES;
				CLANG_WARN_INT_CONVERSION = YES;
				CLANG_WARN_NON_LITERAL_NULL_CONVERSION = YES;
				CLANG_WARN_OBJC_IMPLICIT_RETAIN_SELF = YES;
				CLANG_WARN_OBJC_LITERAL_CONVERSION = YES;
				CLANG_WARN_OBJC_ROOT_CLASS = YES_ERROR;
				CLANG_WARN_RANGE_LOOP_ANALYSIS = YES;
				CLANG_WARN_STRICT_PROTOTYPES = YES;
				CLANG_WARN_SUSPICIOUS_MOVE = YES;
				CLANG_WARN_UNGUARDED_AVAILABILITY = YES_AGGRESSIVE;
				CLANG_WARN_UNREACHABLE_CODE = YES;
				CLANG_WARN__DUPLICATE_METHOD_MATCH = YES;
				CODE_SIGN_IDENTITY = "iPhone Developer";
				COPY_PHASE_STRIP = NO;
				DEBUG_INFORMATION_FORMAT = "dwarf-with-dsym";
				ENABLE_NS_ASSERTIONS = NO;
				ENABLE_STRICT_OBJC_MSGSEND = YES;
				GCC_C_LANGUAGE_STANDARD = gnu11;
				GCC_NO_COMMON_BLOCKS = YES;
				GCC_WARN_64_TO_32_BIT_CONVERSION = YES;
				GCC_WARN_ABOUT_RETURN_TYPE = YES_ERROR;
				GCC_WARN_UNDECLARED_SELECTOR = YES;
				GCC_WARN_UNINITIALIZED_AUTOS = YES_AGGRESSIVE;
				GCC_WARN_UNUSED_FUNCTION = YES;
				GCC_WARN_UNUSED_VARIABLE = YES;
				IPHONEOS_DEPLOYMENT_TARGET = 11.4;
				MTL_ENABLE_DEBUG_INFO = NO;
				SDKROOT = iphoneos;
				SWIFT_COMPILATION_MODE = wholemodule;
				SWIFT_OPTIMIZATION_LEVEL = "-O";
				VALIDATE_PRODUCT = YES;
			};
			name = Release;
		};
		83DD623D2130D70E00C92CBE /* Debug */ = {
			isa = XCBuildConfiguration;
			baseConfigurationReference = 82F583D3AC5187E00C1B659D /* Pods-Pantry.debug.xcconfig */;
			buildSettings = {
				ASSETCATALOG_COMPILER_APPICON_NAME = AppIcon;
				CODE_SIGN_STYLE = Automatic;
				DEVELOPMENT_TEAM = WKP8U6Y3CT;
				INFOPLIST_FILE = Pantry/Info.plist;
				LD_RUNPATH_SEARCH_PATHS = (
					"$(inherited)",
					"@executable_path/Frameworks",
				);
				PRODUCT_BUNDLE_IDENTIFIER = jdidat.Pantry;
				PRODUCT_NAME = "$(TARGET_NAME)";
				SWIFT_VERSION = 4.0;
				TARGETED_DEVICE_FAMILY = "1,2";
			};
			name = Debug;
		};
		83DD623E2130D70E00C92CBE /* Release */ = {
			isa = XCBuildConfiguration;
			baseConfigurationReference = 03CE540DEF15662A0F77C8B2 /* Pods-Pantry.release.xcconfig */;
			buildSettings = {
				ASSETCATALOG_COMPILER_APPICON_NAME = AppIcon;
				CODE_SIGN_STYLE = Automatic;
				DEVELOPMENT_TEAM = WKP8U6Y3CT;
				INFOPLIST_FILE = Pantry/Info.plist;
				LD_RUNPATH_SEARCH_PATHS = (
					"$(inherited)",
					"@executable_path/Frameworks",
				);
				PRODUCT_BUNDLE_IDENTIFIER = jdidat.Pantry;
				PRODUCT_NAME = "$(TARGET_NAME)";
				SWIFT_VERSION = 4.0;
				TARGETED_DEVICE_FAMILY = "1,2";
			};
			name = Release;
		};
		83DD62402130D70E00C92CBE /* Debug */ = {
			isa = XCBuildConfiguration;
			baseConfigurationReference = 249CC8874FB921CC94D3D6F8 /* Pods-PantryTests.debug.xcconfig */;
			buildSettings = {
				ALWAYS_EMBED_SWIFT_STANDARD_LIBRARIES = YES;
				BUNDLE_LOADER = "$(TEST_HOST)";
				CODE_SIGN_STYLE = Automatic;
				DEVELOPMENT_TEAM = WKP8U6Y3CT;
				INFOPLIST_FILE = "";
				LD_RUNPATH_SEARCH_PATHS = (
					"$(inherited)",
					"@executable_path/Frameworks",
					"@loader_path/Frameworks",
				);
				PRODUCT_BUNDLE_IDENTIFIER = jdidat.PantryTests;
				PRODUCT_NAME = "$(TARGET_NAME)";
				SWIFT_VERSION = 4.0;
				TARGETED_DEVICE_FAMILY = "1,2";
				TEST_HOST = "$(BUILT_PRODUCTS_DIR)/Pantry.app/Pantry";
			};
			name = Debug;
		};
		83DD62412130D70E00C92CBE /* Release */ = {
			isa = XCBuildConfiguration;
			baseConfigurationReference = E9D9EDBBA9E81A78DAA0A133 /* Pods-PantryTests.release.xcconfig */;
			buildSettings = {
				ALWAYS_EMBED_SWIFT_STANDARD_LIBRARIES = YES;
				BUNDLE_LOADER = "$(TEST_HOST)";
				CODE_SIGN_STYLE = Automatic;
				DEVELOPMENT_TEAM = WKP8U6Y3CT;
				INFOPLIST_FILE = "";
				LD_RUNPATH_SEARCH_PATHS = (
					"$(inherited)",
					"@executable_path/Frameworks",
					"@loader_path/Frameworks",
				);
				PRODUCT_BUNDLE_IDENTIFIER = jdidat.PantryTests;
				PRODUCT_NAME = "$(TARGET_NAME)";
				SWIFT_VERSION = 4.0;
				TARGETED_DEVICE_FAMILY = "1,2";
				TEST_HOST = "$(BUILT_PRODUCTS_DIR)/Pantry.app/Pantry";
			};
			name = Release;
		};
		83DD62432130D70E00C92CBE /* Debug */ = {
			isa = XCBuildConfiguration;
			baseConfigurationReference = EB2B00851D5D3ED1A10F598E /* Pods-PantryUITests.debug.xcconfig */;
			buildSettings = {
				ALWAYS_EMBED_SWIFT_STANDARD_LIBRARIES = YES;
				CODE_SIGN_STYLE = Automatic;
				INFOPLIST_FILE = PantryUITests/Info.plist;
				LD_RUNPATH_SEARCH_PATHS = (
					"$(inherited)",
					"@executable_path/Frameworks",
					"@loader_path/Frameworks",
				);
				PRODUCT_BUNDLE_IDENTIFIER = jdidat.PantryUITests;
				PRODUCT_NAME = "$(TARGET_NAME)";
				SWIFT_VERSION = 4.0;
				TARGETED_DEVICE_FAMILY = "1,2";
				TEST_TARGET_NAME = Pantry;
			};
			name = Debug;
		};
		83DD62442130D70E00C92CBE /* Release */ = {
			isa = XCBuildConfiguration;
			baseConfigurationReference = F8C334AE7CC1D27EBBC56E96 /* Pods-PantryUITests.release.xcconfig */;
			buildSettings = {
				ALWAYS_EMBED_SWIFT_STANDARD_LIBRARIES = YES;
				CODE_SIGN_STYLE = Automatic;
				INFOPLIST_FILE = PantryUITests/Info.plist;
				LD_RUNPATH_SEARCH_PATHS = (
					"$(inherited)",
					"@executable_path/Frameworks",
					"@loader_path/Frameworks",
				);
				PRODUCT_BUNDLE_IDENTIFIER = jdidat.PantryUITests;
				PRODUCT_NAME = "$(TARGET_NAME)";
				SWIFT_VERSION = 4.0;
				TARGETED_DEVICE_FAMILY = "1,2";
				TEST_TARGET_NAME = Pantry;
			};
			name = Release;
		};
/* End XCBuildConfiguration section */

/* Begin XCConfigurationList section */
		83DD620F2130D70C00C92CBE /* Build configuration list for PBXProject "Pantry" */ = {
			isa = XCConfigurationList;
			buildConfigurations = (
				83DD623A2130D70E00C92CBE /* Debug */,
				83DD623B2130D70E00C92CBE /* Release */,
			);
			defaultConfigurationIsVisible = 0;
			defaultConfigurationName = Release;
		};
		83DD623C2130D70E00C92CBE /* Build configuration list for PBXNativeTarget "Pantry" */ = {
			isa = XCConfigurationList;
			buildConfigurations = (
				83DD623D2130D70E00C92CBE /* Debug */,
				83DD623E2130D70E00C92CBE /* Release */,
			);
			defaultConfigurationIsVisible = 0;
			defaultConfigurationName = Release;
		};
		83DD623F2130D70E00C92CBE /* Build configuration list for PBXNativeTarget "PantryTests" */ = {
			isa = XCConfigurationList;
			buildConfigurations = (
				83DD62402130D70E00C92CBE /* Debug */,
				83DD62412130D70E00C92CBE /* Release */,
			);
			defaultConfigurationIsVisible = 0;
			defaultConfigurationName = Release;
		};
		83DD62422130D70E00C92CBE /* Build configuration list for PBXNativeTarget "PantryUITests" */ = {
			isa = XCConfigurationList;
			buildConfigurations = (
				83DD62432130D70E00C92CBE /* Debug */,
				83DD62442130D70E00C92CBE /* Release */,
			);
			defaultConfigurationIsVisible = 0;
			defaultConfigurationName = Release;
		};
/* End XCConfigurationList section */
	};
	rootObject = 83DD620C2130D70C00C92CBE /* Project object */;
}
